
Microsoft Visual Studio Solution File, Format Version 12.00
# Visual Studio Version 16
VisualStudioVersion = 16.0.36631.11
MinimumVisualStudioVersion = 10.0.40219.1
Project("{FAE04EC0-301F-11D3-BF4B-00C04F79EFBC}") = "Common", "ClassLibrary1\Common.csproj", "{E13CFB22-5621-40B0-969F-8E2C8F85ADC4}"
EndProject
Project("{FAE04EC0-301F-11D3-BF4B-00C04F79EFBC}") = "Repository", "Repository\Repository.csproj", "{A5811F1E-E8B2-4B44-8037-E2ECC0D81A90}"
EndProject
Project("{FAE04EC0-301F-11D3-BF4B-00C04F79EFBC}") = "RentACar.Tests", "RentACar.Tests\RentACar.Tests.csproj", "{4C955F25-B424-4AED-9ECC-CE862C8AC18A}"
EndProject
Project("{FAE04EC0-301F-11D3-BF4B-00C04F79EFBC}") = "SystemOperations", "SystemOperations\SystemOperations.csproj", "{D70B2794-1B29-45FF-9D1B-D2C692716AE2}"
EndProject
Project("{FAE04EC0-301F-11D3-BF4B-00C04F79EFBC}") = "Server", "Server\Server.csproj", "{AEABD218-DD69-4643-AC2B-F73D15ED82D0}"
EndProject
Project("{FAE04EC0-301F-11D3-BF4B-00C04F79EFBC}") = "Client", "Client\Client.csproj", "{9BCC928C-73D3-4A9D-8AA1-81E6DE152888}"
EndProject
Global
	GlobalSection(SolutionConfigurationPlatforms) = preSolution
		Debug|Any CPU = Debug|Any CPU
		Release|Any CPU = Release|Any CPU
	EndGlobalSection
	GlobalSection(ProjectConfigurationPlatforms) = postSolution
		{E13CFB22-5621-40B0-969F-8E2C8F85ADC4}.Debug|Any CPU.ActiveCfg = Debug|Any CPU
		{E13CFB22-5621-40B0-969F-8E2C8F85ADC4}.Debug|Any CPU.Build.0 = Debug|Any CPU
		{E13CFB22-5621-40B0-969F-8E2C8F85ADC4}.Release|Any CPU.ActiveCfg = Release|Any CPU
		{E13CFB22-5621-40B0-969F-8E2C8F85ADC4}.Release|Any CPU.Build.0 = Release|Any CPU
		{A5811F1E-E8B2-4B44-8037-E2ECC0D81A90}.Debug|Any CPU.ActiveCfg = Debug|Any CPU
		{A5811F1E-E8B2-4B44-8037-E2ECC0D81A90}.Debug|Any CPU.Build.0 = Debug|Any CPU
		{A5811F1E-E8B2-4B44-8037-E2ECC0D81A90}.Release|Any CPU.ActiveCfg = Release|Any CPU
		{A5811F1E-E8B2-4B44-8037-E2ECC0D81A90}.Release|Any CPU.Build.0 = Release|Any CPU
		{4C955F25-B424-4AED-9ECC-CE862C8AC18A}.Debug|Any CPU.ActiveCfg = Debug|Any CPU
		{4C955F25-B424-4AED-9ECC-CE862C8AC18A}.Debug|Any CPU.Build.0 = Debug|Any CPU
		{4C955F25-B424-4AED-9ECC-CE862C8AC18A}.Release|Any CPU.ActiveCfg = Release|Any CPU
		{4C955F25-B424-4AED-9ECC-CE862C8AC18A}.Release|Any CPU.Build.0 = Release|Any CPU
		{D70B2794-1B29-45FF-9D1B-D2C692716AE2}.Debug|Any CPU.ActiveCfg = Debug|Any CPU
		{D70B2794-1B29-45FF-9D1B-D2C692716AE2}.Debug|Any CPU.Build.0 = Debug|Any CPU
		{D70B2794-1B29-45FF-9D1B-D2C692716AE2}.Release|Any CPU.ActiveCfg = Release|Any CPU
		{D70B2794-1B29-45FF-9D1B-D2C692716AE2}.Release|Any CPU.Build.0 = Release|Any CPU
		{AEABD218-DD69-4643-AC2B-F73D15ED82D0}.Debug|Any CPU.ActiveCfg = Debug|Any CPU
		{AEABD218-DD69-4643-AC2B-F73D15ED82D0}.Debug|Any CPU.Build.0 = Debug|Any CPU
		{AEABD218-DD69-4643-AC2B-F73D15ED82D0}.Release|Any CPU.ActiveCfg = Release|Any CPU
		{AEABD218-DD69-4643-AC2B-F73D15ED82D0}.Release|Any CPU.Build.0 = Release|Any CPU
		{9BCC928C-73D3-4A9D-8AA1-81E6DE152888}.Debug|Any CPU.ActiveCfg = Debug|Any CPU
		{9BCC928C-73D3-4A9D-8AA1-81E6DE152888}.Debug|Any CPU.Build.0 = Debug|Any CPU
		{9BCC928C-73D3-4A9D-8AA1-81E6DE152888}.Release|Any CPU.ActiveCfg = Release|Any CPU
		{9BCC928C-73D3-4A9D-8AA1-81E6DE152888}.Release|Any CPU.Build.0 = Release|Any CPU
	EndGlobalSection
	GlobalSection(SolutionProperties) = preSolution
		HideSolutionNode = FALSE
	EndGlobalSection
	GlobalSection(ExtensibilityGlobals) = postSolution
		SolutionGuid = {78D3B5C5-7EA2-4E89-B7B1-F82BA45C4851}
	EndGlobalSection
EndGlobal
