
Microsoft Visual Studio Solution File, Format Version 12.00
# Visual Studio Version 16
VisualStudioVersion = 16.0.36631.11
MinimumVisualStudioVersion = 10.0.40219.1
Project("{FAE04EC0-301F-11D3-BF4B-00C04F79EFBC}") = "Common", "ClassLibrary1\Common.csproj", "{E13CFB22-5621-40B0-969F-8E2C8F85ADC4}"
EndProject
Project("{FAE04EC0-301F-11D3-BF4B-00C04F79EFBC}") = "Repository", "Repository\Repository.csproj", "{A5811F1E-E8B2-4B44-8037-E2ECC0D81A90}"
EndProject
Project("{FAE04EC0-301F-11D3-BF4B-00C04F79EFBC}") = "TestConsole", "TestConsole\TestConsole.csproj", "{0A07A45C-666F-47C3-9E50-E39D03066641}"
EndProject
Project("{FAE04EC0-301F-11D3-BF4B-00C04F79EFBC}") = "RentACar.Tests", "RentACar.Tests\RentACar.Tests.csproj", "{4C955F25-B424-4AED-9ECC-CE862C8AC18A}"
EndProject
Global
	GlobalSection(SolutionConfigurationPlatforms) = preSolution
		Debug|Any CPU = Debug|Any CPU
		Release|Any CPU = Release|Any CPU
	EndGlobalSection
	GlobalSection(ProjectConfigurationPlatforms) = postSolution
		{E13CFB22-5621-40B0-969F-8E2C8F85ADC4}.Debug|Any CPU.ActiveCfg = Debug|Any CPU
		{E13CFB22-5621-40B0-969F-8E2C8F85ADC4}.Debug|Any CPU.Build.0 = Debug|Any CPU
		{E13CFB22-5621-40B0-969F-8E2C8F85ADC4}.Release|Any CPU.ActiveCfg = Release|Any CPU
		{E13CFB22-5621-40B0-969F-8E2C8F85ADC4}.Release|Any CPU.Build.0 = Release|Any CPU
		{A5811F1E-E8B2-4B44-8037-E2ECC0D81A90}.Debug|Any CPU.ActiveCfg = Debug|Any CPU
		{A5811F1E-E8B2-4B44-8037-E2ECC0D81A90}.Debug|Any CPU.Build.0 = Debug|Any CPU
		{A5811F1E-E8B2-4B44-8037-E2ECC0D81A90}.Release|Any CPU.ActiveCfg = Release|Any CPU
		{A5811F1E-E8B2-4B44-8037-E2ECC0D81A90}.Release|Any CPU.Build.0 = Release|Any CPU
		{0A07A45C-666F-47C3-9E50-E39D03066641}.Debug|Any CPU.ActiveCfg = Debug|Any CPU
		{0A07A45C-666F-47C3-9E50-E39D03066641}.Debug|Any CPU.Build.0 = Debug|Any CPU
		{0A07A45C-666F-47C3-9E50-E39D03066641}.Release|Any CPU.ActiveCfg = Release|Any CPU
		{0A07A45C-666F-47C3-9E50-E39D03066641}.Release|Any CPU.Build.0 = Release|Any CPU
		{4C955F25-B424-4AED-9ECC-CE862C8AC18A}.Debug|Any CPU.ActiveCfg = Debug|Any CPU
		{4C955F25-B424-4AED-9ECC-CE862C8AC18A}.Debug|Any CPU.Build.0 = Debug|Any CPU
		{4C955F25-B424-4AED-9ECC-CE862C8AC18A}.Release|Any CPU.ActiveCfg = Release|Any CPU
		{4C955F25-B424-4AED-9ECC-CE862C8AC18A}.Release|Any CPU.Build.0 = Release|Any CPU
	EndGlobalSection
	GlobalSection(SolutionProperties) = preSolution
		HideSolutionNode = FALSE
	EndGlobalSection
	GlobalSection(ExtensibilityGlobals) = postSolution
		SolutionGuid = {78D3B5C5-7EA2-4E89-B7B1-F82BA45C4851}
	EndGlobalSection
EndGlobal
